
Microsoft Visual Studio Solution File, Format Version 12.00
# Visual Studio 15
VisualStudioVersion = 15.0.28307.645
MinimumVisualStudioVersion = 10.0.40219.1
Project("{FAE04EC0-301F-11D3-BF4B-00C04F79EFBC}") = "Emp.Core", "Emp.Core\Emp.Core.csproj", "{F763A875-E836-4B46-9292-D58A4A60A0F6}"
EndProject
Global
	GlobalSection(SolutionConfigurationPlatforms) = preSolution
		Debug|Any CPU = Debug|Any CPU
		Release|Any CPU = Release|Any CPU
	EndGlobalSection
	GlobalSection(ProjectConfigurationPlatforms) = postSolution
		{F763A875-E836-4B46-9292-D58A4A60A0F6}.Debug|Any CPU.ActiveCfg = Debug|Any CPU
		{F763A875-E836-4B46-9292-D58A4A60A0F6}.Debug|Any CPU.Build.0 = Debug|Any CPU
		{F763A875-E836-4B46-9292-D58A4A60A0F6}.Release|Any CPU.ActiveCfg = Release|Any CPU
		{F763A875-E836-4B46-9292-D58A4A60A0F6}.Release|Any CPU.Build.0 = Release|Any CPU
	EndGlobalSection
	GlobalSection(SolutionProperties) = preSolution
		HideSolutionNode = FALSE
	EndGlobalSection
	GlobalSection(ExtensibilityGlobals) = postSolution
		SolutionGuid = {B048CE92-F886-47DD-9974-D47DF62677A4}
	EndGlobalSection
EndGlobal
